# THIS IS AN AUTOGENERATED FILE. DO NOT EDIT THIS FILE DIRECTLY.
# yarn lockfile v1


"@types/chalk@^2.2.0":
  version "2.2.0"
  resolved "https://registry.yarnpkg.com/@types/chalk/-/chalk-2.2.0.tgz#b7f6e446f4511029ee8e3f43075fb5b73fbaa0ba"
  dependencies:
    chalk "*"

"@types/node-fetch@^2.1.2":
  version "2.1.2"
  resolved "https://registry.yarnpkg.com/@types/node-fetch/-/node-fetch-2.1.2.tgz#8c5da14d70321e4c4ecd5db668e3f93cf6c7399f"
  dependencies:
    "@types/node" "*"

"@types/node@*", "@types/node@^10.12.5":
  version "10.12.5"
  resolved "https://registry.yarnpkg.com/@types/node/-/node-10.12.5.tgz#7e7ea1a9b34d2c8d704cb0b755dffbcda34741ad"

ansi-styles@^3.2.1:
  version "3.2.1"
  resolved "https://registry.yarnpkg.com/ansi-styles/-/ansi-styles-3.2.1.tgz#41fbb20243e50b12be0f04b8dedbf07520ce841d"
  dependencies:
    color-convert "^1.9.0"

chalk@*, chalk@^2.4.1:
  version "2.4.1"
  resolved "https://registry.yarnpkg.com/chalk/-/chalk-2.4.1.tgz#18c49ab16a037b6eb0152cc83e3471338215b66e"
  dependencies:
    ansi-styles "^3.2.1"
    escape-string-regexp "^1.0.5"
    supports-color "^5.3.0"

color-convert@^1.9.0:
  version "1.9.3"
  resolved "https://registry.yarnpkg.com/color-convert/-/color-convert-1.9.3.tgz#bb71850690e1f136567de629d2d5471deda4c1e8"
  dependencies:
    color-name "1.1.3"

color-name@1.1.3:
  version "1.1.3"
  resolved "https://registry.yarnpkg.com/color-name/-/color-name-1.1.3.tgz#a7d0558bd89c42f795dd42328f740831ca53bc25"

escape-string-regexp@^1.0.5:
  version "1.0.5"
  resolved "https://registry.yarnpkg.com/escape-string-regexp/-/escape-string-regexp-1.0.5.tgz#1b61c0562190a8dff6ae3bb2cf0200ca130b86d4"

has-flag@^3.0.0:
  version "3.0.0"
  resolved "https://registry.yarnpkg.com/has-flag/-/has-flag-3.0.0.tgz#b5d454dc2199ae225699f3467e5a07f3b955bafd"

node-fetch@^2.2.1:
  version "2.2.1"
  resolved "https://registry.yarnpkg.com/node-fetch/-/node-fetch-2.2.1.tgz#1fe551e0ded6c45b3b3b937d0fb46f76df718d1e"

supports-color@^5.3.0:
  version "5.5.0"
  resolved "https://registry.yarnpkg.com/supports-color/-/supports-color-5.5.0.tgz#e2e69a44ac8772f78a1ec0b35b689df6530efc8f"
  dependencies:
    has-flag "^3.0.0"

typescript@^3.1.6:
  version "3.1.6"
  resolved "https://registry.yarnpkg.com/typescript/-/typescript-3.1.6.tgz#b6543a83cfc8c2befb3f4c8fba6896f5b0c9be68"
