# THIS IS AN AUTOGENERATED FILE. DO NOT EDIT THIS FILE DIRECTLY.
# yarn lockfile v1


"@types/node-fetch@^2.1.2":
  version "2.1.2"
  resolved "https://registry.yarnpkg.com/@types/node-fetch/-/node-fetch-2.1.2.tgz#8c5da14d70321e4c4ecd5db668e3f93cf6c7399f"
  dependencies:
    "@types/node" "*"

"@types/node@*", "@types/node@^10.12.5":
  version "10.12.5"
  resolved "https://registry.yarnpkg.com/@types/node/-/node-10.12.5.tgz#7e7ea1a9b34d2c8d704cb0b755dffbcda34741ad"

node-fetch@^2.2.1:
  version "2.2.1"
  resolved "https://registry.yarnpkg.com/node-fetch/-/node-fetch-2.2.1.tgz#1fe551e0ded6c45b3b3b937d0fb46f76df718d1e"

typescript@^3.1.6:
  version "3.1.6"
  resolved "https://registry.yarnpkg.com/typescript/-/typescript-3.1.6.tgz#b6543a83cfc8c2befb3f4c8fba6896f5b0c9be68"
